
Microsoft Visual Studio Solution File, Format Version 12.00
# Visual Studio 2013
VisualStudioVersion = 12.0.21005.1
MinimumVisualStudioVersion = 10.0.40219.1
Project("{2150E333-8FDC-42A3-9474-1A3956D46DE8}") = "OData", "OData", "{CC5A135B-2FDD-4963-B0F5-3F64027B3FDC}"
EndProject
Project("{FAE04EC0-301F-11D3-BF4B-00C04F79EFBC}") = "PatientData", "PatientData\PatientData.csproj", "{D72740B1-E9AD-422F-A49A-1B3CA35E2757}"
EndProject
Project("{FAE04EC0-301F-11D3-BF4B-00C04F79EFBC}") = "ProductManagement", "ProductManagement\ProductManagement.csproj", "{749CA3D4-D17B-4FC4-A035-B497BC6625CC}"
EndProject
Project("{2150E333-8FDC-42A3-9474-1A3956D46DE8}") = "AttributeRouting", "AttributeRouting", "{D3A51A14-63F3-43C5-AF9D-801B2A67B7D5}"
EndProject
Project("{2150E333-8FDC-42A3-9474-1A3956D46DE8}") = "CORSDemo", "CORSDemo", "{EB9419F5-2F53-495C-85C0-CDD01F429D48}"
EndProject
Project("{FAE04EC0-301F-11D3-BF4B-00C04F79EFBC}") = "CORSClient1", "CORSClient1\CORSClient1.csproj", "{0A4C7E30-5B79-4584-AAB7-86CA1CCFDE06}"
EndProject
Project("{2150E333-8FDC-42A3-9474-1A3956D46DE8}") = "OAUth", "OAUth", "{100DE6BA-43B5-4577-996B-79A4738DFD5B}"
EndProject
Project("{FAE04EC0-301F-11D3-BF4B-00C04F79EFBC}") = "MySPAGoogle", "MySPA\MySPAGoogle.csproj", "{6E8F57C3-9C63-469A-8441-20C4F5E52316}"
EndProject
Project("{FAE04EC0-301F-11D3-BF4B-00C04F79EFBC}") = "MyWebAPI", "MyWebAPI\MyWebAPI.csproj", "{966EEBEA-B52B-4DCD-877D-2194658EA536}"
EndProject
Project("{2150E333-8FDC-42A3-9474-1A3956D46DE8}") = "Katana Intro", "Katana Intro", "{E6E4D869-1547-4AE1-9F43-021DC2767A2B}"
EndProject
Project("{FAE04EC0-301F-11D3-BF4B-00C04F79EFBC}") = "1HttpListener", "1HttpListener\1HttpListener.csproj", "{363B09B7-2936-4BAE-AC5C-FDFC35741537}"
EndProject
Global
	GlobalSection(SolutionConfigurationPlatforms) = preSolution
		Debug|Any CPU = Debug|Any CPU
		Release|Any CPU = Release|Any CPU
	EndGlobalSection
	GlobalSection(ProjectConfigurationPlatforms) = postSolution
		{D72740B1-E9AD-422F-A49A-1B3CA35E2757}.Debug|Any CPU.ActiveCfg = Debug|Any CPU
		{D72740B1-E9AD-422F-A49A-1B3CA35E2757}.Debug|Any CPU.Build.0 = Debug|Any CPU
		{D72740B1-E9AD-422F-A49A-1B3CA35E2757}.Release|Any CPU.ActiveCfg = Release|Any CPU
		{D72740B1-E9AD-422F-A49A-1B3CA35E2757}.Release|Any CPU.Build.0 = Release|Any CPU
		{749CA3D4-D17B-4FC4-A035-B497BC6625CC}.Debug|Any CPU.ActiveCfg = Debug|Any CPU
		{749CA3D4-D17B-4FC4-A035-B497BC6625CC}.Debug|Any CPU.Build.0 = Debug|Any CPU
		{749CA3D4-D17B-4FC4-A035-B497BC6625CC}.Release|Any CPU.ActiveCfg = Release|Any CPU
		{749CA3D4-D17B-4FC4-A035-B497BC6625CC}.Release|Any CPU.Build.0 = Release|Any CPU
		{0A4C7E30-5B79-4584-AAB7-86CA1CCFDE06}.Debug|Any CPU.ActiveCfg = Debug|Any CPU
		{0A4C7E30-5B79-4584-AAB7-86CA1CCFDE06}.Debug|Any CPU.Build.0 = Debug|Any CPU
		{0A4C7E30-5B79-4584-AAB7-86CA1CCFDE06}.Release|Any CPU.ActiveCfg = Release|Any CPU
		{0A4C7E30-5B79-4584-AAB7-86CA1CCFDE06}.Release|Any CPU.Build.0 = Release|Any CPU
		{6E8F57C3-9C63-469A-8441-20C4F5E52316}.Debug|Any CPU.ActiveCfg = Debug|Any CPU
		{6E8F57C3-9C63-469A-8441-20C4F5E52316}.Debug|Any CPU.Build.0 = Debug|Any CPU
		{6E8F57C3-9C63-469A-8441-20C4F5E52316}.Release|Any CPU.ActiveCfg = Release|Any CPU
		{6E8F57C3-9C63-469A-8441-20C4F5E52316}.Release|Any CPU.Build.0 = Release|Any CPU
		{966EEBEA-B52B-4DCD-877D-2194658EA536}.Debug|Any CPU.ActiveCfg = Debug|Any CPU
		{966EEBEA-B52B-4DCD-877D-2194658EA536}.Debug|Any CPU.Build.0 = Debug|Any CPU
		{966EEBEA-B52B-4DCD-877D-2194658EA536}.Release|Any CPU.ActiveCfg = Release|Any CPU
		{966EEBEA-B52B-4DCD-877D-2194658EA536}.Release|Any CPU.Build.0 = Release|Any CPU
		{363B09B7-2936-4BAE-AC5C-FDFC35741537}.Debug|Any CPU.ActiveCfg = Debug|Any CPU
		{363B09B7-2936-4BAE-AC5C-FDFC35741537}.Debug|Any CPU.Build.0 = Debug|Any CPU
		{363B09B7-2936-4BAE-AC5C-FDFC35741537}.Release|Any CPU.ActiveCfg = Release|Any CPU
		{363B09B7-2936-4BAE-AC5C-FDFC35741537}.Release|Any CPU.Build.0 = Release|Any CPU
	EndGlobalSection
	GlobalSection(SolutionProperties) = preSolution
		HideSolutionNode = FALSE
	EndGlobalSection
	GlobalSection(NestedProjects) = preSolution
		{749CA3D4-D17B-4FC4-A035-B497BC6625CC} = {CC5A135B-2FDD-4963-B0F5-3F64027B3FDC}
		{D72740B1-E9AD-422F-A49A-1B3CA35E2757} = {D3A51A14-63F3-43C5-AF9D-801B2A67B7D5}
		{0A4C7E30-5B79-4584-AAB7-86CA1CCFDE06} = {EB9419F5-2F53-495C-85C0-CDD01F429D48}
		{6E8F57C3-9C63-469A-8441-20C4F5E52316} = {100DE6BA-43B5-4577-996B-79A4738DFD5B}
		{966EEBEA-B52B-4DCD-877D-2194658EA536} = {100DE6BA-43B5-4577-996B-79A4738DFD5B}
		{363B09B7-2936-4BAE-AC5C-FDFC35741537} = {E6E4D869-1547-4AE1-9F43-021DC2767A2B}
	EndGlobalSection
EndGlobal
